// !$*UTF8*$!
{
	archiveVersion = 1;
	classes = {
	};
	objectVersion = 56;
	objects = {

/* Begin PBXBuildFile section */
		BE588F0129428E20008D28BF /* ProfileStack.swift in Sources */ = {isa = PBXBuildFile; fileRef = BE588F0029428E20008D28BF /* ProfileStack.swift */; };
		BE588F0D29429516008D28BF /* DiscoveryView.swift in Sources */ = {isa = PBXBuildFile; fileRef = BE588F0C29429516008D28BF /* DiscoveryView.swift */; };
		BE588F0F29429569008D28BF /* ViewModel.swift in Sources */ = {isa = PBXBuildFile; fileRef = BE588F0E29429569008D28BF /* ViewModel.swift */; };
		BE66D3252940E10B00562FCB /* WalkieDoggieApp.swift in Sources */ = {isa = PBXBuildFile; fileRef = BE66D3242940E10B00562FCB /* WalkieDoggieApp.swift */; };
		BE66D3272940E10B00562FCB /* ContentView.swift in Sources */ = {isa = PBXBuildFile; fileRef = BE66D3262940E10B00562FCB /* ContentView.swift */; };
		BE66D3292940E10C00562FCB /* Assets.xcassets in Resources */ = {isa = PBXBuildFile; fileRef = BE66D3282940E10C00562FCB /* Assets.xcassets */; };
		BE66D32C2940E10C00562FCB /* Preview Assets.xcassets in Resources */ = {isa = PBXBuildFile; fileRef = BE66D32B2940E10C00562FCB /* Preview Assets.xcassets */; };
		FA3DCE052940E41B00AB3C70 /* DogProfile.swift in Sources */ = {isa = PBXBuildFile; fileRef = FA3DCE042940E41B00AB3C70 /* DogProfile.swift */; };
		FA3DCE072940ED5700AB3C70 /* SettingsView.swift in Sources */ = {isa = PBXBuildFile; fileRef = FA3DCE062940ED5700AB3C70 /* SettingsView.swift */; };
		FA3DCE092940F97A00AB3C70 /* BreedsView.swift in Sources */ = {isa = PBXBuildFile; fileRef = FA3DCE082940F97A00AB3C70 /* BreedsView.swift */; };
/* End PBXBuildFile section */

/* Begin PBXFileReference section */
		BE588F0029428E20008D28BF /* ProfileStack.swift */ = {isa = PBXFileReference; lastKnownFileType = sourcecode.swift; path = ProfileStack.swift; sourceTree = "<group>"; };
		BE588F0C29429516008D28BF /* DiscoveryView.swift */ = {isa = PBXFileReference; lastKnownFileType = sourcecode.swift; path = DiscoveryView.swift; sourceTree = "<group>"; };
		BE588F0E29429569008D28BF /* ViewModel.swift */ = {isa = PBXFileReference; lastKnownFileType = sourcecode.swift; path = ViewModel.swift; sourceTree = "<group>"; };
		BE66D3212940E10B00562FCB /* WalkieDoggie.app */ = {isa = PBXFileReference; explicitFileType = wrapper.application; includeInIndex = 0; path = WalkieDoggie.app; sourceTree = BUILT_PRODUCTS_DIR; };
		BE66D3242940E10B00562FCB /* WalkieDoggieApp.swift */ = {isa = PBXFileReference; lastKnownFileType = sourcecode.swift; path = WalkieDoggieApp.swift; sourceTree = "<group>"; };
		BE66D3262940E10B00562FCB /* ContentView.swift */ = {isa = PBXFileReference; lastKnownFileType = sourcecode.swift; path = ContentView.swift; sourceTree = "<group>"; };
		BE66D3282940E10C00562FCB /* Assets.xcassets */ = {isa = PBXFileReference; lastKnownFileType = folder.assetcatalog; path = Assets.xcassets; sourceTree = "<group>"; };
		BE66D32B2940E10C00562FCB /* Preview Assets.xcassets */ = {isa = PBXFileReference; lastKnownFileType = folder.assetcatalog; path = "Preview Assets.xcassets"; sourceTree = "<group>"; };
		FA3DCE042940E41B00AB3C70 /* DogProfile.swift */ = {isa = PBXFileReference; lastKnownFileType = sourcecode.swift; path = DogProfile.swift; sourceTree = "<group>"; };
		FA3DCE062940ED5700AB3C70 /* SettingsView.swift */ = {isa = PBXFileReference; lastKnownFileType = sourcecode.swift; path = SettingsView.swift; sourceTree = "<group>"; };
		FA3DCE082940F97A00AB3C70 /* BreedsView.swift */ = {isa = PBXFileReference; lastKnownFileType = sourcecode.swift; path = BreedsView.swift; sourceTree = "<group>"; };
/* End PBXFileReference section */

/* Begin PBXFrameworksBuildPhase section */
		BE66D31E2940E10B00562FCB /* Frameworks */ = {
			isa = PBXFrameworksBuildPhase;
			buildActionMask = 2147483647;
			files = (
			);
			runOnlyForDeploymentPostprocessing = 0;
		};
/* End PBXFrameworksBuildPhase section */

/* Begin PBXGroup section */
		BE588F0629428ECA008D28BF /* View */ = {
			isa = PBXGroup;
			children = (
				BE66D3262940E10B00562FCB /* ContentView.swift */,
				FA3DCE062940ED5700AB3C70 /* SettingsView.swift */,
				BE588F0029428E20008D28BF /* ProfileStack.swift */,
				FA3DCE082940F97A00AB3C70 /* BreedsView.swift */,
				BE588F0C29429516008D28BF /* DiscoveryView.swift */,
			);
			path = View;
			sourceTree = "<group>";
		};
		BE588F0729428ED1008D28BF /* Model */ = {
			isa = PBXGroup;
			children = (
				FA3DCE042940E41B00AB3C70 /* DogProfile.swift */,
			);
			path = Model;
			sourceTree = "<group>";
		};
		BE588F0829428ED9008D28BF /* ViewModel */ = {
			isa = PBXGroup;
			children = (
				BE588F0E29429569008D28BF /* ViewModel.swift */,
			);
			path = ViewModel;
			sourceTree = "<group>";
		};
		BE66D3182940E10B00562FCB = {
			isa = PBXGroup;
			children = (
				BE66D3232940E10B00562FCB /* WalkieDoggie */,
				BE66D3222940E10B00562FCB /* Products */,
			);
			sourceTree = "<group>";
		};
		BE66D3222940E10B00562FCB /* Products */ = {
			isa = PBXGroup;
			children = (
				BE66D3212940E10B00562FCB /* WalkieDoggie.app */,
			);
			name = Products;
			sourceTree = "<group>";
		};
		BE66D3232940E10B00562FCB /* WalkieDoggie */ = {
			isa = PBXGroup;
			children = (
				BE66D3242940E10B00562FCB /* WalkieDoggieApp.swift */,
				BE588F0829428ED9008D28BF /* ViewModel */,
				BE588F0729428ED1008D28BF /* Model */,
				BE588F0629428ECA008D28BF /* View */,
				BE66D3282940E10C00562FCB /* Assets.xcassets */,
				BE66D32A2940E10C00562FCB /* Preview Content */,
			);
			path = WalkieDoggie;
			sourceTree = "<group>";
		};
		BE66D32A2940E10C00562FCB /* Preview Content */ = {
			isa = PBXGroup;
			children = (
				BE66D32B2940E10C00562FCB /* Preview Assets.xcassets */,
			);
			path = "Preview Content";
			sourceTree = "<group>";
		};
/* End PBXGroup section */

/* Begin PBXNativeTarget section */
		BE66D3202940E10B00562FCB /* WalkieDoggie */ = {
			isa = PBXNativeTarget;
			buildConfigurationList = BE66D32F2940E10C00562FCB /* Build configuration list for PBXNativeTarget "WalkieDoggie" */;
			buildPhases = (
				BE66D31D2940E10B00562FCB /* Sources */,
				BE66D31E2940E10B00562FCB /* Frameworks */,
				BE66D31F2940E10B00562FCB /* Resources */,
			);
			buildRules = (
			);
			dependencies = (
			);
			name = WalkieDoggie;
			productName = WalkieDoggie;
			productReference = BE66D3212940E10B00562FCB /* WalkieDoggie.app */;
			productType = "com.apple.product-type.application";
		};
/* End PBXNativeTarget section */

/* Begin PBXProject section */
		BE66D3192940E10B00562FCB /* Project object */ = {
			isa = PBXProject;
			attributes = {
				BuildIndependentTargetsInParallel = 1;
				LastSwiftUpdateCheck = 1410;
				LastUpgradeCheck = 1410;
				TargetAttributes = {
					BE66D3202940E10B00562FCB = {
						CreatedOnToolsVersion = 14.1;
					};
				};
			};
			buildConfigurationList = BE66D31C2940E10B00562FCB /* Build configuration list for PBXProject "WalkieDoggie" */;
			compatibilityVersion = "Xcode 14.0";
			developmentRegion = en;
			hasScannedForEncodings = 0;
			knownRegions = (
				en,
				Base,
			);
			mainGroup = BE66D3182940E10B00562FCB;
			productRefGroup = BE66D3222940E10B00562FCB /* Products */;
			projectDirPath = "";
			projectRoot = "";
			targets = (
				BE66D3202940E10B00562FCB /* WalkieDoggie */,
			);
		};
/* End PBXProject section */

/* Begin PBXResourcesBuildPhase section */
		BE66D31F2940E10B00562FCB /* Resources */ = {
			isa = PBXResourcesBuildPhase;
			buildActionMask = 2147483647;
			files = (
				BE66D32C2940E10C00562FCB /* Preview Assets.xcassets in Resources */,
				BE66D3292940E10C00562FCB /* Assets.xcassets in Resources */,
			);
			runOnlyForDeploymentPostprocessing = 0;
		};
/* End PBXResourcesBuildPhase section */

/* Begin PBXSourcesBuildPhase section */
		BE66D31D2940E10B00562FCB /* Sources */ = {
			isa = PBXSourcesBuildPhase;
			buildActionMask = 2147483647;
			files = (
				BE66D3272940E10B00562FCB /* ContentView.swift in Sources */,
				BE588F0F29429569008D28BF /* ViewModel.swift in Sources */,
				BE588F0D29429516008D28BF /* DiscoveryView.swift in Sources */,
				FA3DCE072940ED5700AB3C70 /* SettingsView.swift in Sources */,
				FA3DCE092940F97A00AB3C70 /* BreedsView.swift in Sources */,
				FA3DCE052940E41B00AB3C70 /* DogProfile.swift in Sources */,
				BE588F0129428E20008D28BF /* ProfileStack.swift in Sources */,
				BE66D3252940E10B00562FCB /* WalkieDoggieApp.swift in Sources */,
			);
			runOnlyForDeploymentPostprocessing = 0;
		};
/* End PBXSourcesBuildPhase section */

/* Begin XCBuildConfiguration section */
		BE66D32D2940E10C00562FCB /* Debug */ = {
			isa = XCBuildConfiguration;
			buildSettings = {
				ALWAYS_SEARCH_USER_PATHS = NO;
				CLANG_ANALYZER_NONNULL = YES;
				CLANG_ANALYZER_NUMBER_OBJECT_CONVERSION = YES_AGGRESSIVE;
				CLANG_CXX_LANGUAGE_STANDARD = "gnu++20";
				CLANG_ENABLE_MODULES = YES;
				CLANG_ENABLE_OBJC_ARC = YES;
				CLANG_ENABLE_OBJC_WEAK = YES;
				CLANG_WARN_BLOCK_CAPTURE_AUTORELEASING = YES;
				CLANG_WARN_BOOL_CONVERSION = YES;
				CLANG_WARN_COMMA = YES;
				CLANG_WARN_CONSTANT_CONVERSION = YES;
				CLANG_WARN_DEPRECATED_OBJC_IMPLEMENTATIONS = YES;
				CLANG_WARN_DIRECT_OBJC_ISA_USAGE = YES_ERROR;
				CLANG_WARN_DOCUMENTATION_COMMENTS = YES;
				CLANG_WARN_EMPTY_BODY = YES;
				CLANG_WARN_ENUM_CONVERSION = YES;
				CLANG_WARN_INFINITE_RECURSION = YES;
				CLANG_WARN_INT_CONVERSION = YES;
				CLANG_WARN_NON_LITERAL_NULL_CONVERSION = YES;
				CLANG_WARN_OBJC_IMPLICIT_RETAIN_SELF = YES;
				CLANG_WARN_OBJC_LITERAL_CONVERSION = YES;
				CLANG_WARN_OBJC_ROOT_CLASS = YES_ERROR;
				CLANG_WARN_QUOTED_INCLUDE_IN_FRAMEWORK_HEADER = YES;
				CLANG_WARN_RANGE_LOOP_ANALYSIS = YES;
				CLANG_WARN_STRICT_PROTOTYPES = YES;
				CLANG_WARN_SUSPICIOUS_MOVE = YES;
				CLANG_WARN_UNGUARDED_AVAILABILITY = YES_AGGRESSIVE;
				CLANG_WARN_UNREACHABLE_CODE = YES;
				CLANG_WARN__DUPLICATE_METHOD_MATCH = YES;
				COPY_PHASE_STRIP = NO;
				DEBUG_INFORMATION_FORMAT = dwarf;
				ENABLE_STRICT_OBJC_MSGSEND = YES;
				ENABLE_TESTABILITY = YES;
				GCC_C_LANGUAGE_STANDARD = gnu11;
				GCC_DYNAMIC_NO_PIC = NO;
				GCC_NO_COMMON_BLOCKS = YES;
				GCC_OPTIMIZATION_LEVEL = 0;
				GCC_PREPROCESSOR_DEFINITIONS = (
					"DEBUG=1",
					"$(inherited)",
				);
				GCC_WARN_64_TO_32_BIT_CONVERSION = YES;
				GCC_WARN_ABOUT_RETURN_TYPE = YES_ERROR;
				GCC_WARN_UNDECLARED_SELECTOR = YES;
				GCC_WARN_UNINITIALIZED_AUTOS = YES_AGGRESSIVE;
				GCC_WARN_UNUSED_FUNCTION = YES;
				GCC_WARN_UNUSED_VARIABLE = YES;
				IPHONEOS_DEPLOYMENT_TARGET = 16.1;
				MTL_ENABLE_DEBUG_INFO = INCLUDE_SOURCE;
				MTL_FAST_MATH = YES;
				ONLY_ACTIVE_ARCH = YES;
				SDKROOT = iphoneos;
				SWIFT_ACTIVE_COMPILATION_CONDITIONS = DEBUG;
				SWIFT_OPTIMIZATION_LEVEL = "-Onone";
			};
			name = Debug;
		};
		BE66D32E2940E10C00562FCB /* Release */ = {
			isa = XCBuildConfiguration;
			buildSettings = {
				ALWAYS_SEARCH_USER_PATHS = NO;
				CLANG_ANALYZER_NONNULL = YES;
				CLANG_ANALYZER_NUMBER_OBJECT_CONVERSION = YES_AGGRESSIVE;
				CLANG_CXX_LANGUAGE_STANDARD = "gnu++20";
				CLANG_ENABLE_MODULES = YES;
				CLANG_ENABLE_OBJC_ARC = YES;
				CLANG_ENABLE_OBJC_WEAK = YES;
				CLANG_WARN_BLOCK_CAPTURE_AUTORELEASING = YES;
				CLANG_WARN_BOOL_CONVERSION = YES;
				CLANG_WARN_COMMA = YES;
				CLANG_WARN_CONSTANT_CONVERSION = YES;
				CLANG_WARN_DEPRECATED_OBJC_IMPLEMENTATIONS = YES;
				CLANG_WARN_DIRECT_OBJC_ISA_USAGE = YES_ERROR;
				CLANG_WARN_DOCUMENTATION_COMMENTS = YES;
				CLANG_WARN_EMPTY_BODY = YES;
				CLANG_WARN_ENUM_CONVERSION = YES;
				CLANG_WARN_INFINITE_RECURSION = YES;
				CLANG_WARN_INT_CONVERSION = YES;
				CLANG_WARN_NON_LITERAL_NULL_CONVERSION = YES;
				CLANG_WARN_OBJC_IMPLICIT_RETAIN_SELF = YES;
				CLANG_WARN_OBJC_LITERAL_CONVERSION = YES;
				CLANG_WARN_OBJC_ROOT_CLASS = YES_ERROR;
				CLANG_WARN_QUOTED_INCLUDE_IN_FRAMEWORK_HEADER = YES;
				CLANG_WARN_RANGE_LOOP_ANALYSIS = YES;
				CLANG_WARN_STRICT_PROTOTYPES = YES;
				CLANG_WARN_SUSPICIOUS_MOVE = YES;
				CLANG_WARN_UNGUARDED_AVAILABILITY = YES_AGGRESSIVE;
				CLANG_WARN_UNREACHABLE_CODE = YES;
				CLANG_WARN__DUPLICATE_METHOD_MATCH = YES;
				COPY_PHASE_STRIP = NO;
				DEBUG_INFORMATION_FORMAT = "dwarf-with-dsym";
				ENABLE_NS_ASSERTIONS = NO;
				ENABLE_STRICT_OBJC_MSGSEND = YES;
				GCC_C_LANGUAGE_STANDARD = gnu11;
				GCC_NO_COMMON_BLOCKS = YES;
				GCC_WARN_64_TO_32_BIT_CONVERSION = YES;
				GCC_WARN_ABOUT_RETURN_TYPE = YES_ERROR;
				GCC_WARN_UNDECLARED_SELECTOR = YES;
				GCC_WARN_UNINITIALIZED_AUTOS = YES_AGGRESSIVE;
				GCC_WARN_UNUSED_FUNCTION = YES;
				GCC_WARN_UNUSED_VARIABLE = YES;
				IPHONEOS_DEPLOYMENT_TARGET = 16.1;
				MTL_ENABLE_DEBUG_INFO = NO;
				MTL_FAST_MATH = YES;
				SDKROOT = iphoneos;
				SWIFT_COMPILATION_MODE = wholemodule;
				SWIFT_OPTIMIZATION_LEVEL = "-O";
				VALIDATE_PRODUCT = YES;
			};
			name = Release;
		};
		BE66D3302940E10C00562FCB /* Debug */ = {
			isa = XCBuildConfiguration;
			buildSettings = {
				ASSETCATALOG_COMPILER_APPICON_NAME = AppIcon;
				ASSETCATALOG_COMPILER_GLOBAL_ACCENT_COLOR_NAME = AccentColor;
				CODE_SIGN_STYLE = Automatic;
				CURRENT_PROJECT_VERSION = 1;
				DEVELOPMENT_ASSET_PATHS = "\"WalkieDoggie/Preview Content\"";
				DEVELOPMENT_TEAM = UJ3F56B29C;
				ENABLE_PREVIEWS = YES;
				GENERATE_INFOPLIST_FILE = YES;
				INFOPLIST_KEY_UIApplicationSceneManifest_Generation = YES;
				INFOPLIST_KEY_UIApplicationSupportsIndirectInputEvents = YES;
				INFOPLIST_KEY_UILaunchScreen_Generation = YES;
				INFOPLIST_KEY_UISupportedInterfaceOrientations_iPad = "UIInterfaceOrientationPortrait UIInterfaceOrientationPortraitUpsideDown UIInterfaceOrientationLandscapeLeft UIInterfaceOrientationLandscapeRight";
				INFOPLIST_KEY_UISupportedInterfaceOrientations_iPhone = "UIInterfaceOrientationPortrait UIInterfaceOrientationLandscapeLeft UIInterfaceOrientationLandscapeRight";
				IPHONEOS_DEPLOYMENT_TARGET = 16.0;
				LD_RUNPATH_SEARCH_PATHS = (
					"$(inherited)",
					"@executable_path/Frameworks",
				);
				MARKETING_VERSION = 1.0;
				PRODUCT_BUNDLE_IDENTIFIER = id.WalkieDoggie;
				PRODUCT_NAME = "$(TARGET_NAME)";
				SWIFT_EMIT_LOC_STRINGS = YES;
				SWIFT_VERSION = 5.0;
				TARGETED_DEVICE_FAMILY = "1,2";
			};
			name = Debug;
		};
		BE66D3312940E10C00562FCB /* Release */ = {
			isa = XCBuildConfiguration;
			buildSettings = {
				ASSETCATALOG_COMPILER_APPICON_NAME = AppIcon;
				ASSETCATALOG_COMPILER_GLOBAL_ACCENT_COLOR_NAME = AccentColor;
				CODE_SIGN_STYLE = Automatic;
				CURRENT_PROJECT_VERSION = 1;
				DEVELOPMENT_ASSET_PATHS = "\"WalkieDoggie/Preview Content\"";
				DEVELOPMENT_TEAM = UJ3F56B29C;
				ENABLE_PREVIEWS = YES;
				GENERATE_INFOPLIST_FILE = YES;
				INFOPLIST_KEY_UIApplicationSceneManifest_Generation = YES;
				INFOPLIST_KEY_UIApplicationSupportsIndirectInputEvents = YES;
				INFOPLIST_KEY_UILaunchScreen_Generation = YES;
				INFOPLIST_KEY_UISupportedInterfaceOrientations_iPad = "UIInterfaceOrientationPortrait UIInterfaceOrientationPortraitUpsideDown UIInterfaceOrientationLandscapeLeft UIInterfaceOrientationLandscapeRight";
				INFOPLIST_KEY_UISupportedInterfaceOrientations_iPhone = "UIInterfaceOrientationPortrait UIInterfaceOrientationLandscapeLeft UIInterfaceOrientationLandscapeRight";
				IPHONEOS_DEPLOYMENT_TARGET = 16.0;
				LD_RUNPATH_SEARCH_PATHS = (
					"$(inherited)",
					"@executable_path/Frameworks",
				);
				MARKETING_VERSION = 1.0;
				PRODUCT_BUNDLE_IDENTIFIER = id.WalkieDoggie;
				PRODUCT_NAME = "$(TARGET_NAME)";
				SWIFT_EMIT_LOC_STRINGS = YES;
				SWIFT_VERSION = 5.0;
				TARGETED_DEVICE_FAMILY = "1,2";
			};
			name = Release;
		};
/* End XCBuildConfiguration section */

/* Begin XCConfigurationList section */
		BE66D31C2940E10B00562FCB /* Build configuration list for PBXProject "WalkieDoggie" */ = {
			isa = XCConfigurationList;
			buildConfigurations = (
				BE66D32D2940E10C00562FCB /* Debug */,
				BE66D32E2940E10C00562FCB /* Release */,
			);
			defaultConfigurationIsVisible = 0;
			defaultConfigurationName = Release;
		};
		BE66D32F2940E10C00562FCB /* Build configuration list for PBXNativeTarget "WalkieDoggie" */ = {
			isa = XCConfigurationList;
			buildConfigurations = (
				BE66D3302940E10C00562FCB /* Debug */,
				BE66D3312940E10C00562FCB /* Release */,
			);
			defaultConfigurationIsVisible = 0;
			defaultConfigurationName = Release;
		};
/* End XCConfigurationList section */
	};
	rootObject = BE66D3192940E10B00562FCB /* Project object */;
}
